hash: 532ba1b44956a9165da1234edb840b786cc87f873b1bc5cd9479e05216d26acf
updated: 2019-01-28T14:46:54.397087+08:00
imports:
- name: github.com/golang/freetype
  version: e2365dfdc4a05e4b8299a783240d4a7d5a65d4e4
  subpackages:
  - raster
  - truetype
- name: github.com/lifei6671/gocaptcha
  version: 4ee5eae8060325104defaace04ff94b79c26a887
- name: golang.org/x/image
  version: 183bebdce1b249c42a7cf6772817e8c2e873b966
  subpackages:
  - font
  - math/fixed
testImports: []
